
Microsoft Visual Studio Solution File, Format Version 12.00
# Visual Studio 15
VisualStudioVersion = 15.0.28010.2036
MinimumVisualStudioVersion = 10.0.40219.1
Project("{9A19103F-16F7-4668-BE54-9A1E7A4F7556}") = "RM.UzTicket.Bot", "RM.UzTicket.Bot\RM.UzTicket.Bot.csproj", "{17DF7C3C-CB5F-41E8-8141-9925C3D6F507}"
EndProject
Project("{2150E333-8FDC-42A3-9474-1A3956D46DE8}") = "Modules", "Modules", "{1EF4C9BC-A4C5-4815-A32D-EF45F4A17742}"
EndProject
Project("{9A19103F-16F7-4668-BE54-9A1E7A4F7556}") = "RM.UzTicket.Settings", "Modules\RM.UzTicket.Settings\RM.UzTicket.Settings.csproj", "{2B0D8AC1-CB26-4816-B8A7-D9413B3F0D8A}"
EndProject
Project("{2150E333-8FDC-42A3-9474-1A3956D46DE8}") = "Contracts", "Contracts", "{2B767F6B-CB1D-4EC0-896B-112E67D7A9CC}"
EndProject
Project("{FAE04EC0-301F-11D3-BF4B-00C04F79EFBC}") = "RM.Lib.StateMachine.Contracts", "Contracts\RM.Lib.StateMachine.Contracts\RM.Lib.StateMachine.Contracts.csproj", "{8236EFCC-A3FC-476D-9B0A-664B2529F620}"
EndProject
Project("{FAE04EC0-301F-11D3-BF4B-00C04F79EFBC}") = "RM.Lib.StateMachine", "Modules\RM.Lib.StateMachine\RM.Lib.StateMachine.csproj", "{CCA6BFCB-2CD9-4769-9BDC-919781F9BFB2}"
EndProject
Project("{FAE04EC0-301F-11D3-BF4B-00C04F79EFBC}") = "RM.Lib.Utility", "RM.Lib.Utility\RM.Lib.Utility.csproj", "{1E884ABB-4B41-4ABB-9D3F-BE1C1365E2F8}"
EndProject
Project("{FAE04EC0-301F-11D3-BF4B-00C04F79EFBC}") = "RM.Lib.Common.Contracts", "Contracts\RM.Lib.Common.Contracts\RM.Lib.Common.Contracts.csproj", "{6C75038D-A31E-486E-9ADA-5D0F777625A2}"
EndProject
Project("{FAE04EC0-301F-11D3-BF4B-00C04F79EFBC}") = "RM.Lib.Hosting.Contracts", "Contracts\RM.Lib.Hosting.Contracts\RM.Lib.Hosting.Contracts.csproj", "{A8DD49DA-C963-4F6A-A30C-E39FAA94645D}"
EndProject
Project("{FAE04EC0-301F-11D3-BF4B-00C04F79EFBC}") = "RM.Lib.Hosting", "Modules\RM.Lib.Hosting\RM.Lib.Hosting.csproj", "{766A3A70-081B-4B7D-9D81-94099AF29973}"
EndProject
Project("{9A19103F-16F7-4668-BE54-9A1E7A4F7556}") = "RM.Lib.Proxy", "Modules\RM.Lib.Proxy\RM.Lib.Proxy.csproj", "{106A9F78-2B09-4A37-8822-26DC8FFBAFC9}"
EndProject
Project("{FAE04EC0-301F-11D3-BF4B-00C04F79EFBC}") = "RM.Lib.Proxy.Contracts", "Contracts\RM.Lib.Proxy.Contracts\RM.Lib.Proxy.Contracts.csproj", "{E8C5FE64-A4AA-4022-BC33-2BD985F16D2C}"
EndProject
Project("{FAE04EC0-301F-11D3-BF4B-00C04F79EFBC}") = "RM.UzTicket.Settings.Contracts", "Contracts\RM.UzTicket.Settings.Contracts\RM.UzTicket.Settings.Contracts.csproj", "{D18097A6-9B4E-48ED-BD95-94F7175E4F39}"
EndProject
Project("{9A19103F-16F7-4668-BE54-9A1E7A4F7556}") = "RM.UzTicket.Telegram.Contracts", "Contracts\RM.UzTicket.Telegram.Contracts\RM.UzTicket.Telegram.Contracts.csproj", "{FECA305E-E7C1-4285-A86A-13E6D76FDEDC}"
EndProject
Project("{9A19103F-16F7-4668-BE54-9A1E7A4F7556}") = "RM.UzTicket.Telegram", "Modules\RM.UzTicket.Telegram\RM.UzTicket.Telegram.csproj", "{A179345F-2CC2-4693-8DB8-1A83504CDD65}"
EndProject
Project("{FAE04EC0-301F-11D3-BF4B-00C04F79EFBC}") = "RM.Lib.UzTicket", "Modules\RM.Lib.UzTicket\RM.Lib.UzTicket.csproj", "{B9466F61-FCE8-43B0-9DC0-DA24E90C4AEA}"
EndProject
Project("{FAE04EC0-301F-11D3-BF4B-00C04F79EFBC}") = "RM.Lib.UzTicket.Contracts", "Contracts\RM.Lib.UzTicket.Contracts\RM.Lib.UzTicket.Contracts.csproj", "{A4287F0B-FDAB-4BD7-B2BC-A8AECF4867C9}"
EndProject
Global
	GlobalSection(SolutionConfigurationPlatforms) = preSolution
		Debug|Any CPU = Debug|Any CPU
		Release|Any CPU = Release|Any CPU
	EndGlobalSection
	GlobalSection(ProjectConfigurationPlatforms) = postSolution
		{17DF7C3C-CB5F-41E8-8141-9925C3D6F507}.Debug|Any CPU.ActiveCfg = Debug|Any CPU
		{17DF7C3C-CB5F-41E8-8141-9925C3D6F507}.Debug|Any CPU.Build.0 = Debug|Any CPU
		{17DF7C3C-CB5F-41E8-8141-9925C3D6F507}.Release|Any CPU.ActiveCfg = Release|Any CPU
		{17DF7C3C-CB5F-41E8-8141-9925C3D6F507}.Release|Any CPU.Build.0 = Release|Any CPU
		{2B0D8AC1-CB26-4816-B8A7-D9413B3F0D8A}.Debug|Any CPU.ActiveCfg = Debug|Any CPU
		{2B0D8AC1-CB26-4816-B8A7-D9413B3F0D8A}.Debug|Any CPU.Build.0 = Debug|Any CPU
		{2B0D8AC1-CB26-4816-B8A7-D9413B3F0D8A}.Release|Any CPU.ActiveCfg = Release|Any CPU
		{2B0D8AC1-CB26-4816-B8A7-D9413B3F0D8A}.Release|Any CPU.Build.0 = Release|Any CPU
		{8236EFCC-A3FC-476D-9B0A-664B2529F620}.Debug|Any CPU.ActiveCfg = Debug|Any CPU
		{8236EFCC-A3FC-476D-9B0A-664B2529F620}.Debug|Any CPU.Build.0 = Debug|Any CPU
		{8236EFCC-A3FC-476D-9B0A-664B2529F620}.Release|Any CPU.ActiveCfg = Release|Any CPU
		{8236EFCC-A3FC-476D-9B0A-664B2529F620}.Release|Any CPU.Build.0 = Release|Any CPU
		{CCA6BFCB-2CD9-4769-9BDC-919781F9BFB2}.Debug|Any CPU.ActiveCfg = Debug|Any CPU
		{CCA6BFCB-2CD9-4769-9BDC-919781F9BFB2}.Debug|Any CPU.Build.0 = Debug|Any CPU
		{CCA6BFCB-2CD9-4769-9BDC-919781F9BFB2}.Release|Any CPU.ActiveCfg = Release|Any CPU
		{CCA6BFCB-2CD9-4769-9BDC-919781F9BFB2}.Release|Any CPU.Build.0 = Release|Any CPU
		{1E884ABB-4B41-4ABB-9D3F-BE1C1365E2F8}.Debug|Any CPU.ActiveCfg = Debug|Any CPU
		{1E884ABB-4B41-4ABB-9D3F-BE1C1365E2F8}.Debug|Any CPU.Build.0 = Debug|Any CPU
		{1E884ABB-4B41-4ABB-9D3F-BE1C1365E2F8}.Release|Any CPU.ActiveCfg = Release|Any CPU
		{1E884ABB-4B41-4ABB-9D3F-BE1C1365E2F8}.Release|Any CPU.Build.0 = Release|Any CPU
		{6C75038D-A31E-486E-9ADA-5D0F777625A2}.Debug|Any CPU.ActiveCfg = Debug|Any CPU
		{6C75038D-A31E-486E-9ADA-5D0F777625A2}.Debug|Any CPU.Build.0 = Debug|Any CPU
		{6C75038D-A31E-486E-9ADA-5D0F777625A2}.Release|Any CPU.ActiveCfg = Release|Any CPU
		{6C75038D-A31E-486E-9ADA-5D0F777625A2}.Release|Any CPU.Build.0 = Release|Any CPU
		{A8DD49DA-C963-4F6A-A30C-E39FAA94645D}.Debug|Any CPU.ActiveCfg = Debug|Any CPU
		{A8DD49DA-C963-4F6A-A30C-E39FAA94645D}.Debug|Any CPU.Build.0 = Debug|Any CPU
		{A8DD49DA-C963-4F6A-A30C-E39FAA94645D}.Release|Any CPU.ActiveCfg = Release|Any CPU
		{A8DD49DA-C963-4F6A-A30C-E39FAA94645D}.Release|Any CPU.Build.0 = Release|Any CPU
		{766A3A70-081B-4B7D-9D81-94099AF29973}.Debug|Any CPU.ActiveCfg = Debug|Any CPU
		{766A3A70-081B-4B7D-9D81-94099AF29973}.Debug|Any CPU.Build.0 = Debug|Any CPU
		{766A3A70-081B-4B7D-9D81-94099AF29973}.Release|Any CPU.ActiveCfg = Release|Any CPU
		{766A3A70-081B-4B7D-9D81-94099AF29973}.Release|Any CPU.Build.0 = Release|Any CPU
		{106A9F78-2B09-4A37-8822-26DC8FFBAFC9}.Debug|Any CPU.ActiveCfg = Debug|Any CPU
		{106A9F78-2B09-4A37-8822-26DC8FFBAFC9}.Debug|Any CPU.Build.0 = Debug|Any CPU
		{106A9F78-2B09-4A37-8822-26DC8FFBAFC9}.Release|Any CPU.ActiveCfg = Release|Any CPU
		{106A9F78-2B09-4A37-8822-26DC8FFBAFC9}.Release|Any CPU.Build.0 = Release|Any CPU
		{E8C5FE64-A4AA-4022-BC33-2BD985F16D2C}.Debug|Any CPU.ActiveCfg = Debug|Any CPU
		{E8C5FE64-A4AA-4022-BC33-2BD985F16D2C}.Debug|Any CPU.Build.0 = Debug|Any CPU
		{E8C5FE64-A4AA-4022-BC33-2BD985F16D2C}.Release|Any CPU.ActiveCfg = Release|Any CPU
		{E8C5FE64-A4AA-4022-BC33-2BD985F16D2C}.Release|Any CPU.Build.0 = Release|Any CPU
		{D18097A6-9B4E-48ED-BD95-94F7175E4F39}.Debug|Any CPU.ActiveCfg = Debug|Any CPU
		{D18097A6-9B4E-48ED-BD95-94F7175E4F39}.Debug|Any CPU.Build.0 = Debug|Any CPU
		{D18097A6-9B4E-48ED-BD95-94F7175E4F39}.Release|Any CPU.ActiveCfg = Release|Any CPU
		{D18097A6-9B4E-48ED-BD95-94F7175E4F39}.Release|Any CPU.Build.0 = Release|Any CPU
		{FECA305E-E7C1-4285-A86A-13E6D76FDEDC}.Debug|Any CPU.ActiveCfg = Debug|Any CPU
		{FECA305E-E7C1-4285-A86A-13E6D76FDEDC}.Debug|Any CPU.Build.0 = Debug|Any CPU
		{FECA305E-E7C1-4285-A86A-13E6D76FDEDC}.Release|Any CPU.ActiveCfg = Release|Any CPU
		{FECA305E-E7C1-4285-A86A-13E6D76FDEDC}.Release|Any CPU.Build.0 = Release|Any CPU
		{A179345F-2CC2-4693-8DB8-1A83504CDD65}.Debug|Any CPU.ActiveCfg = Debug|Any CPU
		{A179345F-2CC2-4693-8DB8-1A83504CDD65}.Debug|Any CPU.Build.0 = Debug|Any CPU
		{A179345F-2CC2-4693-8DB8-1A83504CDD65}.Release|Any CPU.ActiveCfg = Release|Any CPU
		{A179345F-2CC2-4693-8DB8-1A83504CDD65}.Release|Any CPU.Build.0 = Release|Any CPU
		{B9466F61-FCE8-43B0-9DC0-DA24E90C4AEA}.Debug|Any CPU.ActiveCfg = Debug|Any CPU
		{B9466F61-FCE8-43B0-9DC0-DA24E90C4AEA}.Debug|Any CPU.Build.0 = Debug|Any CPU
		{B9466F61-FCE8-43B0-9DC0-DA24E90C4AEA}.Release|Any CPU.ActiveCfg = Release|Any CPU
		{B9466F61-FCE8-43B0-9DC0-DA24E90C4AEA}.Release|Any CPU.Build.0 = Release|Any CPU
		{A4287F0B-FDAB-4BD7-B2BC-A8AECF4867C9}.Debug|Any CPU.ActiveCfg = Debug|Any CPU
		{A4287F0B-FDAB-4BD7-B2BC-A8AECF4867C9}.Debug|Any CPU.Build.0 = Debug|Any CPU
		{A4287F0B-FDAB-4BD7-B2BC-A8AECF4867C9}.Release|Any CPU.ActiveCfg = Release|Any CPU
		{A4287F0B-FDAB-4BD7-B2BC-A8AECF4867C9}.Release|Any CPU.Build.0 = Release|Any CPU
	EndGlobalSection
	GlobalSection(SolutionProperties) = preSolution
		HideSolutionNode = FALSE
	EndGlobalSection
	GlobalSection(NestedProjects) = preSolution
		{2B0D8AC1-CB26-4816-B8A7-D9413B3F0D8A} = {1EF4C9BC-A4C5-4815-A32D-EF45F4A17742}
		{8236EFCC-A3FC-476D-9B0A-664B2529F620} = {2B767F6B-CB1D-4EC0-896B-112E67D7A9CC}
		{CCA6BFCB-2CD9-4769-9BDC-919781F9BFB2} = {1EF4C9BC-A4C5-4815-A32D-EF45F4A17742}
		{6C75038D-A31E-486E-9ADA-5D0F777625A2} = {2B767F6B-CB1D-4EC0-896B-112E67D7A9CC}
		{A8DD49DA-C963-4F6A-A30C-E39FAA94645D} = {2B767F6B-CB1D-4EC0-896B-112E67D7A9CC}
		{766A3A70-081B-4B7D-9D81-94099AF29973} = {1EF4C9BC-A4C5-4815-A32D-EF45F4A17742}
		{106A9F78-2B09-4A37-8822-26DC8FFBAFC9} = {1EF4C9BC-A4C5-4815-A32D-EF45F4A17742}
		{E8C5FE64-A4AA-4022-BC33-2BD985F16D2C} = {2B767F6B-CB1D-4EC0-896B-112E67D7A9CC}
		{D18097A6-9B4E-48ED-BD95-94F7175E4F39} = {2B767F6B-CB1D-4EC0-896B-112E67D7A9CC}
		{FECA305E-E7C1-4285-A86A-13E6D76FDEDC} = {2B767F6B-CB1D-4EC0-896B-112E67D7A9CC}
		{A179345F-2CC2-4693-8DB8-1A83504CDD65} = {1EF4C9BC-A4C5-4815-A32D-EF45F4A17742}
		{B9466F61-FCE8-43B0-9DC0-DA24E90C4AEA} = {1EF4C9BC-A4C5-4815-A32D-EF45F4A17742}
		{A4287F0B-FDAB-4BD7-B2BC-A8AECF4867C9} = {2B767F6B-CB1D-4EC0-896B-112E67D7A9CC}
	EndGlobalSection
	GlobalSection(ExtensibilityGlobals) = postSolution
		SolutionGuid = {BC0963AF-3AF6-43F7-83F4-B881E43A8F67}
	EndGlobalSection
EndGlobal
